
Microsoft Visual Studio Solution File, Format Version 12.00
# Visual Studio 15
VisualStudioVersion = 15.0.28307.645
MinimumVisualStudioVersion = 10.0.40219.1
Project("{FAE04EC0-301F-11D3-BF4B-00C04F79EFBC}") = "MediatorDemo", "MediatorDemo\MediatorDemo.csproj", "{A7416C15-428F-41D2-B0B7-CA63CA0E7249}"
EndProject
Global
	GlobalSection(SolutionConfigurationPlatforms) = preSolution
		Debug|Any CPU = Debug|Any CPU
		Release|Any CPU = Release|Any CPU
	EndGlobalSection
	GlobalSection(ProjectConfigurationPlatforms) = postSolution
		{A7416C15-428F-41D2-B0B7-CA63CA0E7249}.Debug|Any CPU.ActiveCfg = Debug|Any CPU
		{A7416C15-428F-41D2-B0B7-CA63CA0E7249}.Debug|Any CPU.Build.0 = Debug|Any CPU
		{A7416C15-428F-41D2-B0B7-CA63CA0E7249}.Release|Any CPU.ActiveCfg = Release|Any CPU
		{A7416C15-428F-41D2-B0B7-CA63CA0E7249}.Release|Any CPU.Build.0 = Release|Any CPU
	EndGlobalSection
	GlobalSection(SolutionProperties) = preSolution
		HideSolutionNode = FALSE
	EndGlobalSection
	GlobalSection(ExtensibilityGlobals) = postSolution
		SolutionGuid = {F0184B82-D719-489B-AC1B-91FEC2DB9463}
	EndGlobalSection
EndGlobal
